
Microsoft Visual Studio Solution File, Format Version 12.00
# Visual Studio Version 17
VisualStudioVersion = 17.1.32210.238
MinimumVisualStudioVersion = 10.0.40219.1
Project("{9A19103F-16F7-4668-BE54-9A1E7A4F7556}") = "DataApp", "DataApp\DataApp.csproj", "{3A5ED102-33BD-4A81-8B47-3D0221F1BD18}"
EndProject
Project("{FAE04EC0-301F-11D3-BF4B-00C04F79EFBC}") = "DataHelperApp", "DataHelperApp\DataHelperApp.csproj", "{7A5BFFCE-64CD-4857-81F5-023116D335AA}"
EndProject
Project("{FAE04EC0-301F-11D3-BF4B-00C04F79EFBC}") = "ClientApp", "ClientApp\ClientApp.csproj", "{82E6E51A-CFD4-4FA9-9A05-F4A87EA0736D}"
EndProject
Global
	GlobalSection(SolutionConfigurationPlatforms) = preSolution
		Debug|Any CPU = Debug|Any CPU
		Release|Any CPU = Release|Any CPU
	EndGlobalSection
	GlobalSection(ProjectConfigurationPlatforms) = postSolution
		{3A5ED102-33BD-4A81-8B47-3D0221F1BD18}.Debug|Any CPU.ActiveCfg = Debug|Any CPU
		{3A5ED102-33BD-4A81-8B47-3D0221F1BD18}.Debug|Any CPU.Build.0 = Debug|Any CPU
		{3A5ED102-33BD-4A81-8B47-3D0221F1BD18}.Release|Any CPU.ActiveCfg = Release|Any CPU
		{3A5ED102-33BD-4A81-8B47-3D0221F1BD18}.Release|Any CPU.Build.0 = Release|Any CPU
		{7A5BFFCE-64CD-4857-81F5-023116D335AA}.Debug|Any CPU.ActiveCfg = Debug|Any CPU
		{7A5BFFCE-64CD-4857-81F5-023116D335AA}.Debug|Any CPU.Build.0 = Debug|Any CPU
		{7A5BFFCE-64CD-4857-81F5-023116D335AA}.Release|Any CPU.ActiveCfg = Release|Any CPU
		{7A5BFFCE-64CD-4857-81F5-023116D335AA}.Release|Any CPU.Build.0 = Release|Any CPU
		{82E6E51A-CFD4-4FA9-9A05-F4A87EA0736D}.Debug|Any CPU.ActiveCfg = Debug|Any CPU
		{82E6E51A-CFD4-4FA9-9A05-F4A87EA0736D}.Debug|Any CPU.Build.0 = Debug|Any CPU
		{82E6E51A-CFD4-4FA9-9A05-F4A87EA0736D}.Release|Any CPU.ActiveCfg = Release|Any CPU
		{82E6E51A-CFD4-4FA9-9A05-F4A87EA0736D}.Release|Any CPU.Build.0 = Release|Any CPU
	EndGlobalSection
	GlobalSection(SolutionProperties) = preSolution
		HideSolutionNode = FALSE
	EndGlobalSection
	GlobalSection(ExtensibilityGlobals) = postSolution
		SolutionGuid = {89AC5407-B877-49F2-BAD3-3124B159FDDA}
	EndGlobalSection
EndGlobal
